
Microsoft Visual Studio Solution File, Format Version 12.00
Project("{FAE04EC0-301F-11D3-BF4B-00C04F79EFBC}") = "Task1", "Task1\Task1.csproj", "{A3B3F3DE-E825-4C73-AA0B-5AE00BF1037A}"
EndProject
Project("{FAE04EC0-301F-11D3-BF4B-00C04F79EFBC}") = "Task2", "Task2\Task2.csproj", "{C13EF959-48A8-4669-B900-6D4982F7F92C}"
EndProject
Project("{FAE04EC0-301F-11D3-BF4B-00C04F79EFBC}") = "Task2Circlee", "Task2Circlee\Task2Circlee.csproj", "{F688BA87-3EB7-4D40-8B49-2F5DDC6698B6}"
EndProject
Project("{FAE04EC0-301F-11D3-BF4B-00C04F79EFBC}") = "Task3", "Task3\Task3.csproj", "{F29958F5-F852-480A-85F1-836E98B172C2}"
EndProject
Project("{FAE04EC0-301F-11D3-BF4B-00C04F79EFBC}") = "Task4", "Task4\Task4.csproj", "{3D03D5F5-EBB6-4F28-B2DE-A1430BC031CC}"
EndProject
Project("{FAE04EC0-301F-11D3-BF4B-00C04F79EFBC}") = "Task5", "Task5\Task5.csproj", "{838B1F54-4060-488C-B28A-07F9FB88C9D7}"
EndProject
Project("{FAE04EC0-301F-11D3-BF4B-00C04F79EFBC}") = "Task6", "Task6\Task6.csproj", "{C388E36B-BCAC-4D4A-9021-E1EC2FDB5528}"
EndProject
Global
	GlobalSection(SolutionConfigurationPlatforms) = preSolution
		Debug|Any CPU = Debug|Any CPU
		Release|Any CPU = Release|Any CPU
	EndGlobalSection
	GlobalSection(ProjectConfigurationPlatforms) = postSolution
		{A3B3F3DE-E825-4C73-AA0B-5AE00BF1037A}.Debug|Any CPU.ActiveCfg = Debug|Any CPU
		{A3B3F3DE-E825-4C73-AA0B-5AE00BF1037A}.Debug|Any CPU.Build.0 = Debug|Any CPU
		{A3B3F3DE-E825-4C73-AA0B-5AE00BF1037A}.Release|Any CPU.ActiveCfg = Release|Any CPU
		{A3B3F3DE-E825-4C73-AA0B-5AE00BF1037A}.Release|Any CPU.Build.0 = Release|Any CPU
		{C13EF959-48A8-4669-B900-6D4982F7F92C}.Debug|Any CPU.ActiveCfg = Debug|Any CPU
		{C13EF959-48A8-4669-B900-6D4982F7F92C}.Debug|Any CPU.Build.0 = Debug|Any CPU
		{C13EF959-48A8-4669-B900-6D4982F7F92C}.Release|Any CPU.ActiveCfg = Release|Any CPU
		{C13EF959-48A8-4669-B900-6D4982F7F92C}.Release|Any CPU.Build.0 = Release|Any CPU
		{F688BA87-3EB7-4D40-8B49-2F5DDC6698B6}.Debug|Any CPU.ActiveCfg = Debug|Any CPU
		{F688BA87-3EB7-4D40-8B49-2F5DDC6698B6}.Debug|Any CPU.Build.0 = Debug|Any CPU
		{F688BA87-3EB7-4D40-8B49-2F5DDC6698B6}.Release|Any CPU.ActiveCfg = Release|Any CPU
		{F688BA87-3EB7-4D40-8B49-2F5DDC6698B6}.Release|Any CPU.Build.0 = Release|Any CPU
		{F29958F5-F852-480A-85F1-836E98B172C2}.Debug|Any CPU.ActiveCfg = Debug|Any CPU
		{F29958F5-F852-480A-85F1-836E98B172C2}.Debug|Any CPU.Build.0 = Debug|Any CPU
		{F29958F5-F852-480A-85F1-836E98B172C2}.Release|Any CPU.ActiveCfg = Release|Any CPU
		{F29958F5-F852-480A-85F1-836E98B172C2}.Release|Any CPU.Build.0 = Release|Any CPU
		{3D03D5F5-EBB6-4F28-B2DE-A1430BC031CC}.Debug|Any CPU.ActiveCfg = Debug|Any CPU
		{3D03D5F5-EBB6-4F28-B2DE-A1430BC031CC}.Debug|Any CPU.Build.0 = Debug|Any CPU
		{3D03D5F5-EBB6-4F28-B2DE-A1430BC031CC}.Release|Any CPU.ActiveCfg = Release|Any CPU
		{3D03D5F5-EBB6-4F28-B2DE-A1430BC031CC}.Release|Any CPU.Build.0 = Release|Any CPU
		{838B1F54-4060-488C-B28A-07F9FB88C9D7}.Debug|Any CPU.ActiveCfg = Debug|Any CPU
		{838B1F54-4060-488C-B28A-07F9FB88C9D7}.Debug|Any CPU.Build.0 = Debug|Any CPU
		{838B1F54-4060-488C-B28A-07F9FB88C9D7}.Release|Any CPU.ActiveCfg = Release|Any CPU
		{838B1F54-4060-488C-B28A-07F9FB88C9D7}.Release|Any CPU.Build.0 = Release|Any CPU
		{C388E36B-BCAC-4D4A-9021-E1EC2FDB5528}.Debug|Any CPU.ActiveCfg = Debug|Any CPU
		{C388E36B-BCAC-4D4A-9021-E1EC2FDB5528}.Debug|Any CPU.Build.0 = Debug|Any CPU
		{C388E36B-BCAC-4D4A-9021-E1EC2FDB5528}.Release|Any CPU.ActiveCfg = Release|Any CPU
		{C388E36B-BCAC-4D4A-9021-E1EC2FDB5528}.Release|Any CPU.Build.0 = Release|Any CPU
	EndGlobalSection
EndGlobal
