
Microsoft Visual Studio Solution File, Format Version 12.00
Project("{FAE04EC0-301F-11D3-BF4B-00C04F79EFBC}") = "Task1", "Task1\Task1.csproj", "{A3B3F3DE-E825-4C73-AA0B-5AE00BF1037A}"
EndProject
Project("{FAE04EC0-301F-11D3-BF4B-00C04F79EFBC}") = "Task2", "Task2\Task2.csproj", "{C13EF959-48A8-4669-B900-6D4982F7F92C}"
EndProject
Global
	GlobalSection(SolutionConfigurationPlatforms) = preSolution
		Debug|Any CPU = Debug|Any CPU
		Release|Any CPU = Release|Any CPU
	EndGlobalSection
	GlobalSection(ProjectConfigurationPlatforms) = postSolution
		{A3B3F3DE-E825-4C73-AA0B-5AE00BF1037A}.Debug|Any CPU.ActiveCfg = Debug|Any CPU
		{A3B3F3DE-E825-4C73-AA0B-5AE00BF1037A}.Debug|Any CPU.Build.0 = Debug|Any CPU
		{A3B3F3DE-E825-4C73-AA0B-5AE00BF1037A}.Release|Any CPU.ActiveCfg = Release|Any CPU
		{A3B3F3DE-E825-4C73-AA0B-5AE00BF1037A}.Release|Any CPU.Build.0 = Release|Any CPU
		{C13EF959-48A8-4669-B900-6D4982F7F92C}.Debug|Any CPU.ActiveCfg = Debug|Any CPU
		{C13EF959-48A8-4669-B900-6D4982F7F92C}.Debug|Any CPU.Build.0 = Debug|Any CPU
		{C13EF959-48A8-4669-B900-6D4982F7F92C}.Release|Any CPU.ActiveCfg = Release|Any CPU
		{C13EF959-48A8-4669-B900-6D4982F7F92C}.Release|Any CPU.Build.0 = Release|Any CPU
	EndGlobalSection
EndGlobal
